
Microsoft Visual Studio Solution File, Format Version 12.00
# Visual Studio 15
VisualStudioVersion = 15.0.27130.2027
MinimumVisualStudioVersion = 10.0.40219.1
Project("{8BC9CEB8-8B4A-11D0-8D11-00A0C91BC942}") = "Dungeon Crawl", "Project1\Project1.vcxproj", "{29BB0D5F-D61B-4BF1-AAC3-218106585548}"
EndProject
Global
	GlobalSection(SolutionConfigurationPlatforms) = preSolution
		Debug|x64 = Debug|x64
		Debug|x86 = Debug|x86
		Release|x64 = Release|x64
		Release|x86 = Release|x86
	EndGlobalSection
	GlobalSection(ProjectConfigurationPlatforms) = postSolution
		{29BB0D5F-D61B-4BF1-AAC3-218106585548}.Debug|x64.ActiveCfg = Debug|x64
		{29BB0D5F-D61B-4BF1-AAC3-218106585548}.Debug|x64.Build.0 = Debug|x64
		{29BB0D5F-D61B-4BF1-AAC3-218106585548}.Debug|x86.ActiveCfg = Debug|Win32
		{29BB0D5F-D61B-4BF1-AAC3-218106585548}.Debug|x86.Build.0 = Debug|Win32
		{29BB0D5F-D61B-4BF1-AAC3-218106585548}.Release|x64.ActiveCfg = Release|x64
		{29BB0D5F-D61B-4BF1-AAC3-218106585548}.Release|x64.Build.0 = Release|x64
		{29BB0D5F-D61B-4BF1-AAC3-218106585548}.Release|x86.ActiveCfg = Release|Win32
		{29BB0D5F-D61B-4BF1-AAC3-218106585548}.Release|x86.Build.0 = Release|Win32
	EndGlobalSection
	GlobalSection(SolutionProperties) = preSolution
		HideSolutionNode = FALSE
	EndGlobalSection
	GlobalSection(ExtensibilityGlobals) = postSolution
		SolutionGuid = {BF27BE14-B783-4400-8D9B-C7150C83177C}
	EndGlobalSection
EndGlobal
